
Microsoft Visual Studio Solution File, Format Version 12.00
# Visual Studio Version 16
VisualStudioVersion = 16.0.31112.23
MinimumVisualStudioVersion = 10.0.40219.1
Project("{8BC9CEB8-8B4A-11D0-8D11-00A0C91BC942}") = "Command", "Command\Command.vcxproj", "{34A0F94F-74AA-4998-A166-E3E815BE3DAA}"
EndProject
Project("{8BC9CEB8-8B4A-11D0-8D11-00A0C91BC942}") = "Flyweight", "Flyweight\Flyweight.vcxproj", "{56AD60E6-BD09-49A6-91EA-372137755241}"
EndProject
Project("{8BC9CEB8-8B4A-11D0-8D11-00A0C91BC942}") = "Observer", "Observer\Observer.vcxproj", "{AE5E1E3F-627F-4663-82E9-838477E9235B}"
EndProject
Project("{8BC9CEB8-8B4A-11D0-8D11-00A0C91BC942}") = "ProtoType", "ProtoType\ProtoType.vcxproj", "{2BB69E27-A0A3-465E-8BD1-27B82C5CDADF}"
EndProject
Project("{8BC9CEB8-8B4A-11D0-8D11-00A0C91BC942}") = "State", "State\State.vcxproj", "{1DDF7F53-DAAA-4FBD-9D7D-2E89911B9E78}"
EndProject
Project("{8BC9CEB8-8B4A-11D0-8D11-00A0C91BC942}") = "DoubleBuffer", "DoubleBuffer\DoubleBuffer.vcxproj", "{63E186EB-11BE-4D37-A09D-A5FEA8D12413}"
EndProject
Project("{8BC9CEB8-8B4A-11D0-8D11-00A0C91BC942}") = "SandBox", "SandBox\SandBox.vcxproj", "{C288D779-6FB3-4888-BADC-E99AFB2167AE}"
EndProject
Project("{8BC9CEB8-8B4A-11D0-8D11-00A0C91BC942}") = "TypeObject", "TypeObject\TypeObject.vcxproj", "{CCC213B9-8772-4AAA-B04C-8165FA9A5B4F}"
EndProject
Project("{8BC9CEB8-8B4A-11D0-8D11-00A0C91BC942}") = "Component", "Component\Component.vcxproj", "{9CDE612E-B17A-4283-8725-0923EC4156F1}"
EndProject
Project("{8BC9CEB8-8B4A-11D0-8D11-00A0C91BC942}") = "EventQueue", "EventQueue\EventQueue.vcxproj", "{81CC7FE4-DE36-4CF9-BDF6-4EF87E8EA269}"
EndProject
Project("{8BC9CEB8-8B4A-11D0-8D11-00A0C91BC942}") = "ServiceMediator", "ServiceMediator\ServiceMediator.vcxproj", "{C7F16646-167B-4E9F-9B5B-F91DED35B74E}"
EndProject
Project("{8BC9CEB8-8B4A-11D0-8D11-00A0C91BC942}") = "DirtyFlag", "DirtyFlag\DirtyFlag.vcxproj", "{021BD9BC-CB65-4933-9737-11173A465C6C}"
EndProject
Project("{8BC9CEB8-8B4A-11D0-8D11-00A0C91BC942}") = "ObjectPool", "ObjectPool\ObjectPool.vcxproj", "{89B1D48C-2224-4312-8BC7-472EC9B6947B}"
EndProject
Global
	GlobalSection(SolutionConfigurationPlatforms) = preSolution
		Debug|x64 = Debug|x64
		Debug|x86 = Debug|x86
		Release|x64 = Release|x64
		Release|x86 = Release|x86
	EndGlobalSection
	GlobalSection(ProjectConfigurationPlatforms) = postSolution
		{34A0F94F-74AA-4998-A166-E3E815BE3DAA}.Debug|x64.ActiveCfg = Debug|x64
		{34A0F94F-74AA-4998-A166-E3E815BE3DAA}.Debug|x64.Build.0 = Debug|x64
		{34A0F94F-74AA-4998-A166-E3E815BE3DAA}.Debug|x86.ActiveCfg = Debug|Win32
		{34A0F94F-74AA-4998-A166-E3E815BE3DAA}.Debug|x86.Build.0 = Debug|Win32
		{34A0F94F-74AA-4998-A166-E3E815BE3DAA}.Release|x64.ActiveCfg = Release|x64
		{34A0F94F-74AA-4998-A166-E3E815BE3DAA}.Release|x64.Build.0 = Release|x64
		{34A0F94F-74AA-4998-A166-E3E815BE3DAA}.Release|x86.ActiveCfg = Release|Win32
		{34A0F94F-74AA-4998-A166-E3E815BE3DAA}.Release|x86.Build.0 = Release|Win32
		{56AD60E6-BD09-49A6-91EA-372137755241}.Debug|x64.ActiveCfg = Debug|x64
		{56AD60E6-BD09-49A6-91EA-372137755241}.Debug|x64.Build.0 = Debug|x64
		{56AD60E6-BD09-49A6-91EA-372137755241}.Debug|x86.ActiveCfg = Debug|Win32
		{56AD60E6-BD09-49A6-91EA-372137755241}.Debug|x86.Build.0 = Debug|Win32
		{56AD60E6-BD09-49A6-91EA-372137755241}.Release|x64.ActiveCfg = Release|x64
		{56AD60E6-BD09-49A6-91EA-372137755241}.Release|x64.Build.0 = Release|x64
		{56AD60E6-BD09-49A6-91EA-372137755241}.Release|x86.ActiveCfg = Release|Win32
		{56AD60E6-BD09-49A6-91EA-372137755241}.Release|x86.Build.0 = Release|Win32
		{AE5E1E3F-627F-4663-82E9-838477E9235B}.Debug|x64.ActiveCfg = Debug|x64
		{AE5E1E3F-627F-4663-82E9-838477E9235B}.Debug|x64.Build.0 = Debug|x64
		{AE5E1E3F-627F-4663-82E9-838477E9235B}.Debug|x86.ActiveCfg = Debug|Win32
		{AE5E1E3F-627F-4663-82E9-838477E9235B}.Debug|x86.Build.0 = Debug|Win32
		{AE5E1E3F-627F-4663-82E9-838477E9235B}.Release|x64.ActiveCfg = Release|x64
		{AE5E1E3F-627F-4663-82E9-838477E9235B}.Release|x64.Build.0 = Release|x64
		{AE5E1E3F-627F-4663-82E9-838477E9235B}.Release|x86.ActiveCfg = Release|Win32
		{AE5E1E3F-627F-4663-82E9-838477E9235B}.Release|x86.Build.0 = Release|Win32
		{2BB69E27-A0A3-465E-8BD1-27B82C5CDADF}.Debug|x64.ActiveCfg = Debug|x64
		{2BB69E27-A0A3-465E-8BD1-27B82C5CDADF}.Debug|x64.Build.0 = Debug|x64
		{2BB69E27-A0A3-465E-8BD1-27B82C5CDADF}.Debug|x86.ActiveCfg = Debug|Win32
		{2BB69E27-A0A3-465E-8BD1-27B82C5CDADF}.Debug|x86.Build.0 = Debug|Win32
		{2BB69E27-A0A3-465E-8BD1-27B82C5CDADF}.Release|x64.ActiveCfg = Release|x64
		{2BB69E27-A0A3-465E-8BD1-27B82C5CDADF}.Release|x64.Build.0 = Release|x64
		{2BB69E27-A0A3-465E-8BD1-27B82C5CDADF}.Release|x86.ActiveCfg = Release|Win32
		{2BB69E27-A0A3-465E-8BD1-27B82C5CDADF}.Release|x86.Build.0 = Release|Win32
		{1DDF7F53-DAAA-4FBD-9D7D-2E89911B9E78}.Debug|x64.ActiveCfg = Debug|x64
		{1DDF7F53-DAAA-4FBD-9D7D-2E89911B9E78}.Debug|x64.Build.0 = Debug|x64
		{1DDF7F53-DAAA-4FBD-9D7D-2E89911B9E78}.Debug|x86.ActiveCfg = Debug|Win32
		{1DDF7F53-DAAA-4FBD-9D7D-2E89911B9E78}.Debug|x86.Build.0 = Debug|Win32
		{1DDF7F53-DAAA-4FBD-9D7D-2E89911B9E78}.Release|x64.ActiveCfg = Release|x64
		{1DDF7F53-DAAA-4FBD-9D7D-2E89911B9E78}.Release|x64.Build.0 = Release|x64
		{1DDF7F53-DAAA-4FBD-9D7D-2E89911B9E78}.Release|x86.ActiveCfg = Release|Win32
		{1DDF7F53-DAAA-4FBD-9D7D-2E89911B9E78}.Release|x86.Build.0 = Release|Win32
		{63E186EB-11BE-4D37-A09D-A5FEA8D12413}.Debug|x64.ActiveCfg = Debug|x64
		{63E186EB-11BE-4D37-A09D-A5FEA8D12413}.Debug|x64.Build.0 = Debug|x64
		{63E186EB-11BE-4D37-A09D-A5FEA8D12413}.Debug|x86.ActiveCfg = Debug|Win32
		{63E186EB-11BE-4D37-A09D-A5FEA8D12413}.Debug|x86.Build.0 = Debug|Win32
		{63E186EB-11BE-4D37-A09D-A5FEA8D12413}.Release|x64.ActiveCfg = Release|x64
		{63E186EB-11BE-4D37-A09D-A5FEA8D12413}.Release|x64.Build.0 = Release|x64
		{63E186EB-11BE-4D37-A09D-A5FEA8D12413}.Release|x86.ActiveCfg = Release|Win32
		{63E186EB-11BE-4D37-A09D-A5FEA8D12413}.Release|x86.Build.0 = Release|Win32
		{C288D779-6FB3-4888-BADC-E99AFB2167AE}.Debug|x64.ActiveCfg = Debug|x64
		{C288D779-6FB3-4888-BADC-E99AFB2167AE}.Debug|x64.Build.0 = Debug|x64
		{C288D779-6FB3-4888-BADC-E99AFB2167AE}.Debug|x86.ActiveCfg = Debug|Win32
		{C288D779-6FB3-4888-BADC-E99AFB2167AE}.Debug|x86.Build.0 = Debug|Win32
		{C288D779-6FB3-4888-BADC-E99AFB2167AE}.Release|x64.ActiveCfg = Release|x64
		{C288D779-6FB3-4888-BADC-E99AFB2167AE}.Release|x64.Build.0 = Release|x64
		{C288D779-6FB3-4888-BADC-E99AFB2167AE}.Release|x86.ActiveCfg = Release|Win32
		{C288D779-6FB3-4888-BADC-E99AFB2167AE}.Release|x86.Build.0 = Release|Win32
		{CCC213B9-8772-4AAA-B04C-8165FA9A5B4F}.Debug|x64.ActiveCfg = Debug|x64
		{CCC213B9-8772-4AAA-B04C-8165FA9A5B4F}.Debug|x64.Build.0 = Debug|x64
		{CCC213B9-8772-4AAA-B04C-8165FA9A5B4F}.Debug|x86.ActiveCfg = Debug|Win32
		{CCC213B9-8772-4AAA-B04C-8165FA9A5B4F}.Debug|x86.Build.0 = Debug|Win32
		{CCC213B9-8772-4AAA-B04C-8165FA9A5B4F}.Release|x64.ActiveCfg = Release|x64
		{CCC213B9-8772-4AAA-B04C-8165FA9A5B4F}.Release|x64.Build.0 = Release|x64
		{CCC213B9-8772-4AAA-B04C-8165FA9A5B4F}.Release|x86.ActiveCfg = Release|Win32
		{CCC213B9-8772-4AAA-B04C-8165FA9A5B4F}.Release|x86.Build.0 = Release|Win32
		{9CDE612E-B17A-4283-8725-0923EC4156F1}.Debug|x64.ActiveCfg = Debug|x64
		{9CDE612E-B17A-4283-8725-0923EC4156F1}.Debug|x64.Build.0 = Debug|x64
		{9CDE612E-B17A-4283-8725-0923EC4156F1}.Debug|x86.ActiveCfg = Debug|Win32
		{9CDE612E-B17A-4283-8725-0923EC4156F1}.Debug|x86.Build.0 = Debug|Win32
		{9CDE612E-B17A-4283-8725-0923EC4156F1}.Release|x64.ActiveCfg = Release|x64
		{9CDE612E-B17A-4283-8725-0923EC4156F1}.Release|x64.Build.0 = Release|x64
		{9CDE612E-B17A-4283-8725-0923EC4156F1}.Release|x86.ActiveCfg = Release|Win32
		{9CDE612E-B17A-4283-8725-0923EC4156F1}.Release|x86.Build.0 = Release|Win32
		{81CC7FE4-DE36-4CF9-BDF6-4EF87E8EA269}.Debug|x64.ActiveCfg = Debug|x64
		{81CC7FE4-DE36-4CF9-BDF6-4EF87E8EA269}.Debug|x64.Build.0 = Debug|x64
		{81CC7FE4-DE36-4CF9-BDF6-4EF87E8EA269}.Debug|x86.ActiveCfg = Debug|Win32
		{81CC7FE4-DE36-4CF9-BDF6-4EF87E8EA269}.Debug|x86.Build.0 = Debug|Win32
		{81CC7FE4-DE36-4CF9-BDF6-4EF87E8EA269}.Release|x64.ActiveCfg = Release|x64
		{81CC7FE4-DE36-4CF9-BDF6-4EF87E8EA269}.Release|x64.Build.0 = Release|x64
		{81CC7FE4-DE36-4CF9-BDF6-4EF87E8EA269}.Release|x86.ActiveCfg = Release|Win32
		{81CC7FE4-DE36-4CF9-BDF6-4EF87E8EA269}.Release|x86.Build.0 = Release|Win32
		{C7F16646-167B-4E9F-9B5B-F91DED35B74E}.Debug|x64.ActiveCfg = Debug|x64
		{C7F16646-167B-4E9F-9B5B-F91DED35B74E}.Debug|x64.Build.0 = Debug|x64
		{C7F16646-167B-4E9F-9B5B-F91DED35B74E}.Debug|x86.ActiveCfg = Debug|Win32
		{C7F16646-167B-4E9F-9B5B-F91DED35B74E}.Debug|x86.Build.0 = Debug|Win32
		{C7F16646-167B-4E9F-9B5B-F91DED35B74E}.Release|x64.ActiveCfg = Release|x64
		{C7F16646-167B-4E9F-9B5B-F91DED35B74E}.Release|x64.Build.0 = Release|x64
		{C7F16646-167B-4E9F-9B5B-F91DED35B74E}.Release|x86.ActiveCfg = Release|Win32
		{C7F16646-167B-4E9F-9B5B-F91DED35B74E}.Release|x86.Build.0 = Release|Win32
		{021BD9BC-CB65-4933-9737-11173A465C6C}.Debug|x64.ActiveCfg = Debug|x64
		{021BD9BC-CB65-4933-9737-11173A465C6C}.Debug|x64.Build.0 = Debug|x64
		{021BD9BC-CB65-4933-9737-11173A465C6C}.Debug|x86.ActiveCfg = Debug|Win32
		{021BD9BC-CB65-4933-9737-11173A465C6C}.Debug|x86.Build.0 = Debug|Win32
		{021BD9BC-CB65-4933-9737-11173A465C6C}.Release|x64.ActiveCfg = Release|x64
		{021BD9BC-CB65-4933-9737-11173A465C6C}.Release|x64.Build.0 = Release|x64
		{021BD9BC-CB65-4933-9737-11173A465C6C}.Release|x86.ActiveCfg = Release|Win32
		{021BD9BC-CB65-4933-9737-11173A465C6C}.Release|x86.Build.0 = Release|Win32
		{89B1D48C-2224-4312-8BC7-472EC9B6947B}.Debug|x64.ActiveCfg = Debug|x64
		{89B1D48C-2224-4312-8BC7-472EC9B6947B}.Debug|x64.Build.0 = Debug|x64
		{89B1D48C-2224-4312-8BC7-472EC9B6947B}.Debug|x86.ActiveCfg = Debug|Win32
		{89B1D48C-2224-4312-8BC7-472EC9B6947B}.Debug|x86.Build.0 = Debug|Win32
		{89B1D48C-2224-4312-8BC7-472EC9B6947B}.Release|x64.ActiveCfg = Release|x64
		{89B1D48C-2224-4312-8BC7-472EC9B6947B}.Release|x64.Build.0 = Release|x64
		{89B1D48C-2224-4312-8BC7-472EC9B6947B}.Release|x86.ActiveCfg = Release|Win32
		{89B1D48C-2224-4312-8BC7-472EC9B6947B}.Release|x86.Build.0 = Release|Win32
	EndGlobalSection
	GlobalSection(SolutionProperties) = preSolution
		HideSolutionNode = FALSE
	EndGlobalSection
	GlobalSection(ExtensibilityGlobals) = postSolution
		SolutionGuid = {F5EAB69C-68F0-4C96-8529-AA2E937920C8}
	EndGlobalSection
EndGlobal
